
Microsoft Visual Studio Solution File, Format Version 12.00
# Visual Studio Version 17
VisualStudioVersion = 17.2.32616.157
MinimumVisualStudioVersion = 10.0.40219.1
Project("{FAE04EC0-301F-11D3-BF4B-00C04F79EFBC}") = "LoopThroughFiles", "LoopThroughFiles.csproj", "{58C7BC1E-75DC-4471-8543-D17AF2620055}"
EndProject
Global
	GlobalSection(SolutionConfigurationPlatforms) = preSolution
		Debug|Any CPU = Debug|Any CPU
		Release|Any CPU = Release|Any CPU
	EndGlobalSection
	GlobalSection(ProjectConfigurationPlatforms) = postSolution
		{58C7BC1E-75DC-4471-8543-D17AF2620055}.Debug|Any CPU.ActiveCfg = Debug|Any CPU
		{58C7BC1E-75DC-4471-8543-D17AF2620055}.Debug|Any CPU.Build.0 = Debug|Any CPU
		{58C7BC1E-75DC-4471-8543-D17AF2620055}.Release|Any CPU.ActiveCfg = Release|Any CPU
		{58C7BC1E-75DC-4471-8543-D17AF2620055}.Release|Any CPU.Build.0 = Release|Any CPU
	EndGlobalSection
	GlobalSection(SolutionProperties) = preSolution
		HideSolutionNode = FALSE
	EndGlobalSection
	GlobalSection(ExtensibilityGlobals) = postSolution
		SolutionGuid = {560411B4-411E-4FFD-8112-433B2EEA8F71}
	EndGlobalSection
EndGlobal
