
Microsoft Visual Studio Solution File, Format Version 12.00
# Visual Studio Version 17
VisualStudioVersion = 17.2.32616.157
MinimumVisualStudioVersion = 10.0.40219.1
Project("{9A19103F-16F7-4668-BE54-9A1E7A4F7556}") = "ReferencingThisExplicitly", "ReferencingThisExplicitly.csproj", "{0684DD47-596D-4BC3-A8D5-C302BBC4D68C}"
EndProject
Global
	GlobalSection(SolutionConfigurationPlatforms) = preSolution
		Debug|Any CPU = Debug|Any CPU
		Release|Any CPU = Release|Any CPU
	EndGlobalSection
	GlobalSection(ProjectConfigurationPlatforms) = postSolution
		{0684DD47-596D-4BC3-A8D5-C302BBC4D68C}.Debug|Any CPU.ActiveCfg = Debug|Any CPU
		{0684DD47-596D-4BC3-A8D5-C302BBC4D68C}.Debug|Any CPU.Build.0 = Debug|Any CPU
		{0684DD47-596D-4BC3-A8D5-C302BBC4D68C}.Release|Any CPU.ActiveCfg = Release|Any CPU
		{0684DD47-596D-4BC3-A8D5-C302BBC4D68C}.Release|Any CPU.Build.0 = Release|Any CPU
	EndGlobalSection
	GlobalSection(SolutionProperties) = preSolution
		HideSolutionNode = FALSE
	EndGlobalSection
	GlobalSection(ExtensibilityGlobals) = postSolution
		SolutionGuid = {5BA85553-C47D-4E70-B7D3-15D1BB9A2A54}
	EndGlobalSection
EndGlobal
