
Microsoft Visual Studio Solution File, Format Version 12.00
# Visual Studio Version 17
VisualStudioVersion = 17.2.32616.157
MinimumVisualStudioVersion = 10.0.40219.1
Project("{FAE04EC0-301F-11D3-BF4B-00C04F79EFBC}") = "MixingStaticAndInstanceMethods", "MixingStaticAndInstanceMethods.csproj", "{C0A4E402-2CD4-40E2-AA1F-173FDF8539FF}"
EndProject
Project("{2150E333-8FDC-42A3-9474-1A3956D46DE8}") = "Solution Items", "Solution Items", "{C1F27CCD-0675-4FFD-9D78-3AB1170AE8D3}"
	ProjectSection(SolutionItems) = preProject
		.editorconfig = .editorconfig
	EndProjectSection
EndProject
Global
	GlobalSection(SolutionConfigurationPlatforms) = preSolution
		Debug|Any CPU = Debug|Any CPU
		Release|Any CPU = Release|Any CPU
	EndGlobalSection
	GlobalSection(ProjectConfigurationPlatforms) = postSolution
		{C0A4E402-2CD4-40E2-AA1F-173FDF8539FF}.Debug|Any CPU.ActiveCfg = Debug|Any CPU
		{C0A4E402-2CD4-40E2-AA1F-173FDF8539FF}.Debug|Any CPU.Build.0 = Debug|Any CPU
		{C0A4E402-2CD4-40E2-AA1F-173FDF8539FF}.Release|Any CPU.ActiveCfg = Release|Any CPU
		{C0A4E402-2CD4-40E2-AA1F-173FDF8539FF}.Release|Any CPU.Build.0 = Release|Any CPU
	EndGlobalSection
	GlobalSection(SolutionProperties) = preSolution
		HideSolutionNode = FALSE
	EndGlobalSection
	GlobalSection(ExtensibilityGlobals) = postSolution
		SolutionGuid = {B4608D9D-00AE-4F53-91F5-9058562BA674}
	EndGlobalSection
EndGlobal
