
Microsoft Visual Studio Solution File, Format Version 12.00
# Visual Studio Version 17
VisualStudioVersion = 17.2.32616.157
MinimumVisualStudioVersion = 10.0.40219.1
Project("{FAE04EC0-301F-11D3-BF4B-00C04F79EFBC}") = "PriorityQueue", "PriorityQueue.csproj", "{1A5DE637-4953-4AB9-80BA-8B1F8F6A7669}"
EndProject
Global
	GlobalSection(SolutionConfigurationPlatforms) = preSolution
		Debug|Any CPU = Debug|Any CPU
		Release|Any CPU = Release|Any CPU
	EndGlobalSection
	GlobalSection(ProjectConfigurationPlatforms) = postSolution
		{1A5DE637-4953-4AB9-80BA-8B1F8F6A7669}.Debug|Any CPU.ActiveCfg = Debug|Any CPU
		{1A5DE637-4953-4AB9-80BA-8B1F8F6A7669}.Debug|Any CPU.Build.0 = Debug|Any CPU
		{1A5DE637-4953-4AB9-80BA-8B1F8F6A7669}.Release|Any CPU.ActiveCfg = Release|Any CPU
		{1A5DE637-4953-4AB9-80BA-8B1F8F6A7669}.Release|Any CPU.Build.0 = Release|Any CPU
	EndGlobalSection
	GlobalSection(SolutionProperties) = preSolution
		HideSolutionNode = FALSE
	EndGlobalSection
	GlobalSection(ExtensibilityGlobals) = postSolution
		SolutionGuid = {50D0EA9D-985B-4FD0-AB92-1E2FF7F41911}
	EndGlobalSection
EndGlobal
