
Microsoft Visual Studio Solution File, Format Version 12.00
# Visual Studio Version 17
VisualStudioVersion = 17.2.32630.192
MinimumVisualStudioVersion = 10.0.40219.1
Project("{FAE04EC0-301F-11D3-BF4B-00C04F79EFBC}") = "BankAccount", "BankAccount.csproj", "{1673447B-1ED5-437F-B61B-F0A6A87CBFB4}"
EndProject
Global
	GlobalSection(SolutionConfigurationPlatforms) = preSolution
		Debug|Any CPU = Debug|Any CPU
		Release|Any CPU = Release|Any CPU
	EndGlobalSection
	GlobalSection(ProjectConfigurationPlatforms) = postSolution
		{1673447B-1ED5-437F-B61B-F0A6A87CBFB4}.Debug|Any CPU.ActiveCfg = Debug|Any CPU
		{1673447B-1ED5-437F-B61B-F0A6A87CBFB4}.Debug|Any CPU.Build.0 = Debug|Any CPU
		{1673447B-1ED5-437F-B61B-F0A6A87CBFB4}.Release|Any CPU.ActiveCfg = Release|Any CPU
		{1673447B-1ED5-437F-B61B-F0A6A87CBFB4}.Release|Any CPU.Build.0 = Release|Any CPU
	EndGlobalSection
	GlobalSection(SolutionProperties) = preSolution
		HideSolutionNode = FALSE
	EndGlobalSection
	GlobalSection(ExtensibilityGlobals) = postSolution
		SolutionGuid = {B755B847-1DAF-44B5-AF7F-2672C175E0EE}
	EndGlobalSection
EndGlobal
